
Microsoft Visual Studio Solution File, Format Version 12.00
# Visual Studio Version 16
VisualStudioVersion = 16.0.31729.503
MinimumVisualStudioVersion = 10.0.40219.1
Project("{FAE04EC0-301F-11D3-BF4B-00C04F79EFBC}") = "AsyncAwait", "AsyncAwait\AsyncAwait.csproj", "{DDB79478-EB4D-498F-B951-3BE3AB8E0A64}"
EndProject
Global
	GlobalSection(SolutionConfigurationPlatforms) = preSolution
		Debug|Any CPU = Debug|Any CPU
		Release|Any CPU = Release|Any CPU
	EndGlobalSection
	GlobalSection(ProjectConfigurationPlatforms) = postSolution
		{DDB79478-EB4D-498F-B951-3BE3AB8E0A64}.Debug|Any CPU.ActiveCfg = Debug|Any CPU
		{DDB79478-EB4D-498F-B951-3BE3AB8E0A64}.Debug|Any CPU.Build.0 = Debug|Any CPU
		{DDB79478-EB4D-498F-B951-3BE3AB8E0A64}.Release|Any CPU.ActiveCfg = Release|Any CPU
		{DDB79478-EB4D-498F-B951-3BE3AB8E0A64}.Release|Any CPU.Build.0 = Release|Any CPU
	EndGlobalSection
	GlobalSection(SolutionProperties) = preSolution
		HideSolutionNode = FALSE
	EndGlobalSection
	GlobalSection(ExtensibilityGlobals) = postSolution
		SolutionGuid = {3F04824E-048D-44E6-9482-7378534C5969}
	EndGlobalSection
EndGlobal
