
Microsoft Visual Studio Solution File, Format Version 12.00
# Visual Studio Version 16
VisualStudioVersion = 16.0.31729.503
MinimumVisualStudioVersion = 10.0.40219.1
Project("{FAE04EC0-301F-11D3-BF4B-00C04F79EFBC}") = "Ch_7", "Ch_7\Ch_7.csproj", "{A0206FE8-DD3A-4F56-AEA2-E67F87A3BFCE}"
EndProject
Global
	GlobalSection(SolutionConfigurationPlatforms) = preSolution
		Debug|Any CPU = Debug|Any CPU
		Release|Any CPU = Release|Any CPU
	EndGlobalSection
	GlobalSection(ProjectConfigurationPlatforms) = postSolution
		{A0206FE8-DD3A-4F56-AEA2-E67F87A3BFCE}.Debug|Any CPU.ActiveCfg = Debug|Any CPU
		{A0206FE8-DD3A-4F56-AEA2-E67F87A3BFCE}.Debug|Any CPU.Build.0 = Debug|Any CPU
		{A0206FE8-DD3A-4F56-AEA2-E67F87A3BFCE}.Release|Any CPU.ActiveCfg = Release|Any CPU
		{A0206FE8-DD3A-4F56-AEA2-E67F87A3BFCE}.Release|Any CPU.Build.0 = Release|Any CPU
	EndGlobalSection
	GlobalSection(SolutionProperties) = preSolution
		HideSolutionNode = FALSE
	EndGlobalSection
	GlobalSection(ExtensibilityGlobals) = postSolution
		SolutionGuid = {490BC5F2-4FED-4345-A77F-DC26C2A98B0A}
	EndGlobalSection
EndGlobal
