
Microsoft Visual Studio Solution File, Format Version 12.00
# Visual Studio Version 16
VisualStudioVersion = 16.0.31729.503
MinimumVisualStudioVersion = 10.0.40219.1
Project("{FAE04EC0-301F-11D3-BF4B-00C04F79EFBC}") = "Ch_11", "Ch_11\Ch_11.csproj", "{60A2E46B-8CD4-4586-A89E-3802E9DEFFB1}"
EndProject
Global
	GlobalSection(SolutionConfigurationPlatforms) = preSolution
		Debug|Any CPU = Debug|Any CPU
		Release|Any CPU = Release|Any CPU
	EndGlobalSection
	GlobalSection(ProjectConfigurationPlatforms) = postSolution
		{60A2E46B-8CD4-4586-A89E-3802E9DEFFB1}.Debug|Any CPU.ActiveCfg = Debug|Any CPU
		{60A2E46B-8CD4-4586-A89E-3802E9DEFFB1}.Debug|Any CPU.Build.0 = Debug|Any CPU
		{60A2E46B-8CD4-4586-A89E-3802E9DEFFB1}.Release|Any CPU.ActiveCfg = Release|Any CPU
		{60A2E46B-8CD4-4586-A89E-3802E9DEFFB1}.Release|Any CPU.Build.0 = Release|Any CPU
	EndGlobalSection
	GlobalSection(SolutionProperties) = preSolution
		HideSolutionNode = FALSE
	EndGlobalSection
	GlobalSection(ExtensibilityGlobals) = postSolution
		SolutionGuid = {95624738-8B3A-4E26-89E6-EDCEB3924512}
	EndGlobalSection
EndGlobal
