
Microsoft Visual Studio Solution File, Format Version 12.00
# Visual Studio Version 16
VisualStudioVersion = 16.0.31729.503
MinimumVisualStudioVersion = 10.0.40219.1
Project("{FAE04EC0-301F-11D3-BF4B-00C04F79EFBC}") = "LambdaEx", "LambdaEx\LambdaEx.csproj", "{0C5E0189-6B41-43A2-9BB4-2366B2809A9C}"
EndProject
Global
	GlobalSection(SolutionConfigurationPlatforms) = preSolution
		Debug|Any CPU = Debug|Any CPU
		Release|Any CPU = Release|Any CPU
	EndGlobalSection
	GlobalSection(ProjectConfigurationPlatforms) = postSolution
		{0C5E0189-6B41-43A2-9BB4-2366B2809A9C}.Debug|Any CPU.ActiveCfg = Debug|Any CPU
		{0C5E0189-6B41-43A2-9BB4-2366B2809A9C}.Debug|Any CPU.Build.0 = Debug|Any CPU
		{0C5E0189-6B41-43A2-9BB4-2366B2809A9C}.Release|Any CPU.ActiveCfg = Release|Any CPU
		{0C5E0189-6B41-43A2-9BB4-2366B2809A9C}.Release|Any CPU.Build.0 = Release|Any CPU
	EndGlobalSection
	GlobalSection(SolutionProperties) = preSolution
		HideSolutionNode = FALSE
	EndGlobalSection
	GlobalSection(ExtensibilityGlobals) = postSolution
		SolutionGuid = {0B87FC11-AE57-4C71-B197-1688967706B0}
	EndGlobalSection
EndGlobal
