
Microsoft Visual Studio Solution File, Format Version 12.00
# Visual Studio Version 16
VisualStudioVersion = 16.0.31729.503
MinimumVisualStudioVersion = 10.0.40219.1
Project("{FAE04EC0-301F-11D3-BF4B-00C04F79EFBC}") = "AbstractFactory", "AbstractFactory\AbstractFactory.csproj", "{629B4878-8CE3-4858-9D20-BDC7EA992ADF}"
EndProject
Global
	GlobalSection(SolutionConfigurationPlatforms) = preSolution
		Debug|Any CPU = Debug|Any CPU
		Release|Any CPU = Release|Any CPU
	EndGlobalSection
	GlobalSection(ProjectConfigurationPlatforms) = postSolution
		{629B4878-8CE3-4858-9D20-BDC7EA992ADF}.Debug|Any CPU.ActiveCfg = Debug|Any CPU
		{629B4878-8CE3-4858-9D20-BDC7EA992ADF}.Debug|Any CPU.Build.0 = Debug|Any CPU
		{629B4878-8CE3-4858-9D20-BDC7EA992ADF}.Release|Any CPU.ActiveCfg = Release|Any CPU
		{629B4878-8CE3-4858-9D20-BDC7EA992ADF}.Release|Any CPU.Build.0 = Release|Any CPU
	EndGlobalSection
	GlobalSection(SolutionProperties) = preSolution
		HideSolutionNode = FALSE
	EndGlobalSection
	GlobalSection(ExtensibilityGlobals) = postSolution
		SolutionGuid = {063A40F2-FEAB-4AFF-9FEB-354419B38191}
	EndGlobalSection
EndGlobal
