
Microsoft Visual Studio Solution File, Format Version 12.00
# Visual Studio Version 16
VisualStudioVersion = 16.0.31729.503
MinimumVisualStudioVersion = 10.0.40219.1
Project("{FAE04EC0-301F-11D3-BF4B-00C04F79EFBC}") = "EFLess", "EFLess\EFLess.csproj", "{EF871328-555B-46D9-9B75-72EDDDFE2424}"
EndProject
Global
	GlobalSection(SolutionConfigurationPlatforms) = preSolution
		Debug|Any CPU = Debug|Any CPU
		Release|Any CPU = Release|Any CPU
	EndGlobalSection
	GlobalSection(ProjectConfigurationPlatforms) = postSolution
		{EF871328-555B-46D9-9B75-72EDDDFE2424}.Debug|Any CPU.ActiveCfg = Debug|Any CPU
		{EF871328-555B-46D9-9B75-72EDDDFE2424}.Debug|Any CPU.Build.0 = Debug|Any CPU
		{EF871328-555B-46D9-9B75-72EDDDFE2424}.Release|Any CPU.ActiveCfg = Release|Any CPU
		{EF871328-555B-46D9-9B75-72EDDDFE2424}.Release|Any CPU.Build.0 = Release|Any CPU
	EndGlobalSection
	GlobalSection(SolutionProperties) = preSolution
		HideSolutionNode = FALSE
	EndGlobalSection
	GlobalSection(ExtensibilityGlobals) = postSolution
		SolutionGuid = {72501297-3F62-4DFA-863F-6DD71B2CAB02}
	EndGlobalSection
EndGlobal
