
Microsoft Visual Studio Solution File, Format Version 12.00
# Visual Studio Version 16
VisualStudioVersion = 16.0.31729.503
MinimumVisualStudioVersion = 10.0.40219.1
Project("{FAE04EC0-301F-11D3-BF4B-00C04F79EFBC}") = "FactoryMethod", "FactoryMethod\FactoryMethod.csproj", "{345572F2-8920-4FC6-9130-8B0A5CC97AFA}"
EndProject
Global
	GlobalSection(SolutionConfigurationPlatforms) = preSolution
		Debug|Any CPU = Debug|Any CPU
		Release|Any CPU = Release|Any CPU
	EndGlobalSection
	GlobalSection(ProjectConfigurationPlatforms) = postSolution
		{345572F2-8920-4FC6-9130-8B0A5CC97AFA}.Debug|Any CPU.ActiveCfg = Debug|Any CPU
		{345572F2-8920-4FC6-9130-8B0A5CC97AFA}.Debug|Any CPU.Build.0 = Debug|Any CPU
		{345572F2-8920-4FC6-9130-8B0A5CC97AFA}.Release|Any CPU.ActiveCfg = Release|Any CPU
		{345572F2-8920-4FC6-9130-8B0A5CC97AFA}.Release|Any CPU.Build.0 = Release|Any CPU
	EndGlobalSection
	GlobalSection(SolutionProperties) = preSolution
		HideSolutionNode = FALSE
	EndGlobalSection
	GlobalSection(ExtensibilityGlobals) = postSolution
		SolutionGuid = {4B0AB727-03F6-4644-A14C-CAD2F2D8741A}
	EndGlobalSection
EndGlobal
