
Microsoft Visual Studio Solution File, Format Version 12.00
# Visual Studio Version 17
VisualStudioVersion = 17.4.33110.190
MinimumVisualStudioVersion = 10.0.40219.1
Project("{FAE04EC0-301F-11D3-BF4B-00C04F79EFBC}") = "QueueDeque", "QueueDeque\QueueDeque.csproj", "{DC391755-1394-4A97-A2E3-960232D3ECE3}"
EndProject
Global
	GlobalSection(SolutionConfigurationPlatforms) = preSolution
		Debug|Any CPU = Debug|Any CPU
		Release|Any CPU = Release|Any CPU
	EndGlobalSection
	GlobalSection(ProjectConfigurationPlatforms) = postSolution
		{DC391755-1394-4A97-A2E3-960232D3ECE3}.Debug|Any CPU.ActiveCfg = Debug|Any CPU
		{DC391755-1394-4A97-A2E3-960232D3ECE3}.Debug|Any CPU.Build.0 = Debug|Any CPU
		{DC391755-1394-4A97-A2E3-960232D3ECE3}.Release|Any CPU.ActiveCfg = Release|Any CPU
		{DC391755-1394-4A97-A2E3-960232D3ECE3}.Release|Any CPU.Build.0 = Release|Any CPU
	EndGlobalSection
	GlobalSection(SolutionProperties) = preSolution
		HideSolutionNode = FALSE
	EndGlobalSection
	GlobalSection(ExtensibilityGlobals) = postSolution
		SolutionGuid = {CD1CA48A-5EDF-4916-B395-41956ED0A3AB}
	EndGlobalSection
EndGlobal
